
Microsoft Visual Studio Solution File, Format Version 12.00
# Visual Studio Version 17
VisualStudioVersion = 17.2.32630.192
MinimumVisualStudioVersion = 10.0.40219.1
Project("{9A19103F-16F7-4668-BE54-9A1E7A4F7556}") = "ToDoList", "ToDoList\ToDoList.csproj", "{724FF982-7942-49F0-AB24-F77FDADB67B3}"
EndProject
Project("{FAE04EC0-301F-11D3-BF4B-00C04F79EFBC}") = "Todo.Client", "Todo.Client\Todo.Client.csproj", "{2BA37DFE-935F-4E09-A10D-B5B97930A50A}"
EndProject
Global
	GlobalSection(SolutionConfigurationPlatforms) = preSolution
		Debug|Any CPU = Debug|Any CPU
		Release|Any CPU = Release|Any CPU
	EndGlobalSection
	GlobalSection(ProjectConfigurationPlatforms) = postSolution
		{724FF982-7942-49F0-AB24-F77FDADB67B3}.Debug|Any CPU.ActiveCfg = Debug|Any CPU
		{724FF982-7942-49F0-AB24-F77FDADB67B3}.Debug|Any CPU.Build.0 = Debug|Any CPU
		{724FF982-7942-49F0-AB24-F77FDADB67B3}.Release|Any CPU.ActiveCfg = Release|Any CPU
		{724FF982-7942-49F0-AB24-F77FDADB67B3}.Release|Any CPU.Build.0 = Release|Any CPU
		{2BA37DFE-935F-4E09-A10D-B5B97930A50A}.Debug|Any CPU.ActiveCfg = Debug|Any CPU
		{2BA37DFE-935F-4E09-A10D-B5B97930A50A}.Debug|Any CPU.Build.0 = Debug|Any CPU
		{2BA37DFE-935F-4E09-A10D-B5B97930A50A}.Release|Any CPU.ActiveCfg = Release|Any CPU
		{2BA37DFE-935F-4E09-A10D-B5B97930A50A}.Release|Any CPU.Build.0 = Release|Any CPU
	EndGlobalSection
	GlobalSection(SolutionProperties) = preSolution
		HideSolutionNode = FALSE
	EndGlobalSection
	GlobalSection(ExtensibilityGlobals) = postSolution
		SolutionGuid = {31A6A60C-98B3-465A-9139-3CE5A70E56D3}
	EndGlobalSection
EndGlobal
